
Microsoft Visual Studio Solution File, Format Version 12.00
# Visual Studio Version 16
VisualStudioVersion = 16.0.32413.511
MinimumVisualStudioVersion = 10.0.40219.1
Project("{FAE04EC0-301F-11D3-BF4B-00C04F79EFBC}") = "peopleupdown", "peopleupdown\peopleupdown.csproj", "{3C82A4B1-1A2D-4216-A4FF-8CABBF94080D}"
EndProject
Global
	GlobalSection(SolutionConfigurationPlatforms) = preSolution
		Debug|Any CPU = Debug|Any CPU
		Release|Any CPU = Release|Any CPU
	EndGlobalSection
	GlobalSection(ProjectConfigurationPlatforms) = postSolution
		{3C82A4B1-1A2D-4216-A4FF-8CABBF94080D}.Debug|Any CPU.ActiveCfg = Debug|Any CPU
		{3C82A4B1-1A2D-4216-A4FF-8CABBF94080D}.Debug|Any CPU.Build.0 = Debug|Any CPU
		{3C82A4B1-1A2D-4216-A4FF-8CABBF94080D}.Release|Any CPU.ActiveCfg = Release|Any CPU
		{3C82A4B1-1A2D-4216-A4FF-8CABBF94080D}.Release|Any CPU.Build.0 = Release|Any CPU
	EndGlobalSection
	GlobalSection(SolutionProperties) = preSolution
		HideSolutionNode = FALSE
	EndGlobalSection
	GlobalSection(ExtensibilityGlobals) = postSolution
		SolutionGuid = {3605EDC9-C708-4C22-AE1B-C1A49467F10F}
	EndGlobalSection
EndGlobal
